
Microsoft Visual Studio Solution File, Format Version 12.00
Project("{FAE04EC0-301F-11D3-BF4B-00C04F79EFBC}") = "App", "App\App.csproj", "{8B5FB167-3FF4-43F3-B483-40249258CB71}"
EndProject
Project("{FAE04EC0-301F-11D3-BF4B-00C04F79EFBC}") = "Core", "Core\Core.csproj", "{1669E6EC-D309-47A5-BA34-332B589CE309}"
EndProject
Project("{FAE04EC0-301F-11D3-BF4B-00C04F79EFBC}") = "Platform.SFML", "Platform.SFML\Platform.SFML.csproj", "{30D3C474-9CFC-4B5D-987E-85A736BAAEF4}"
EndProject
Project("{FAE04EC0-301F-11D3-BF4B-00C04F79EFBC}") = "Abstraction", "Abstraction\Abstraction.csproj", "{084C76D0-C03A-4B9A-B49C-2219E98568DB}"
EndProject
Global
	GlobalSection(SolutionConfigurationPlatforms) = preSolution
		Debug|Any CPU = Debug|Any CPU
		Release|Any CPU = Release|Any CPU
	EndGlobalSection
	GlobalSection(ProjectConfigurationPlatforms) = postSolution
		{8B5FB167-3FF4-43F3-B483-40249258CB71}.Debug|Any CPU.ActiveCfg = Debug|Any CPU
		{8B5FB167-3FF4-43F3-B483-40249258CB71}.Debug|Any CPU.Build.0 = Debug|Any CPU
		{8B5FB167-3FF4-43F3-B483-40249258CB71}.Release|Any CPU.ActiveCfg = Release|Any CPU
		{8B5FB167-3FF4-43F3-B483-40249258CB71}.Release|Any CPU.Build.0 = Release|Any CPU
		{1669E6EC-D309-47A5-BA34-332B589CE309}.Debug|Any CPU.ActiveCfg = Debug|Any CPU
		{1669E6EC-D309-47A5-BA34-332B589CE309}.Debug|Any CPU.Build.0 = Debug|Any CPU
		{1669E6EC-D309-47A5-BA34-332B589CE309}.Release|Any CPU.ActiveCfg = Release|Any CPU
		{1669E6EC-D309-47A5-BA34-332B589CE309}.Release|Any CPU.Build.0 = Release|Any CPU
		{30D3C474-9CFC-4B5D-987E-85A736BAAEF4}.Debug|Any CPU.ActiveCfg = Debug|Any CPU
		{30D3C474-9CFC-4B5D-987E-85A736BAAEF4}.Debug|Any CPU.Build.0 = Debug|Any CPU
		{30D3C474-9CFC-4B5D-987E-85A736BAAEF4}.Release|Any CPU.ActiveCfg = Release|Any CPU
		{30D3C474-9CFC-4B5D-987E-85A736BAAEF4}.Release|Any CPU.Build.0 = Release|Any CPU
		{084C76D0-C03A-4B9A-B49C-2219E98568DB}.Debug|Any CPU.ActiveCfg = Debug|Any CPU
		{084C76D0-C03A-4B9A-B49C-2219E98568DB}.Debug|Any CPU.Build.0 = Debug|Any CPU
		{084C76D0-C03A-4B9A-B49C-2219E98568DB}.Release|Any CPU.ActiveCfg = Release|Any CPU
		{084C76D0-C03A-4B9A-B49C-2219E98568DB}.Release|Any CPU.Build.0 = Release|Any CPU
	EndGlobalSection
EndGlobal
